
Microsoft Visual Studio Solution File, Format Version 12.00
# Visual Studio Version 16
VisualStudioVersion = 16.0.31321.278
MinimumVisualStudioVersion = 10.0.40219.1
Project("{9A19103F-16F7-4668-BE54-9A1E7A4F7556}") = "HeadHunterTask", "HeadHunterTask\HeadHunterTask.csproj", "{EF9F8229-CE70-4A40-AEF2-6E2D5202F9FC}"
EndProject
Project("{9A19103F-16F7-4668-BE54-9A1E7A4F7556}") = "HeadHunterTaskLibraryTests", "HeadHunterTaskLibraryTests\HeadHunterTaskLibraryTests.csproj", "{946058D6-2893-4BBA-B632-F1E11314779A}"
EndProject
Project("{9A19103F-16F7-4668-BE54-9A1E7A4F7556}") = "HeadHunterTaskLibrary", "HeadHunterTaskLibrary\HeadHunterTaskLibrary.csproj", "{73E5D099-0E88-4769-B879-AB153D448034}"
EndProject
Project("{2150E333-8FDC-42A3-9474-1A3956D46DE8}") = "SqlTask", "SqlTask", "{5D96EA4A-7D8D-4328-A38D-7FC753BEFCE3}"
	ProjectSection(SolutionItems) = preProject
		SqlTask\Query.sql = SqlTask\Query.sql
	EndProjectSection
EndProject
Global
	GlobalSection(SolutionConfigurationPlatforms) = preSolution
		Debug|Any CPU = Debug|Any CPU
		Release|Any CPU = Release|Any CPU
	EndGlobalSection
	GlobalSection(ProjectConfigurationPlatforms) = postSolution
		{EF9F8229-CE70-4A40-AEF2-6E2D5202F9FC}.Debug|Any CPU.ActiveCfg = Debug|Any CPU
		{EF9F8229-CE70-4A40-AEF2-6E2D5202F9FC}.Debug|Any CPU.Build.0 = Debug|Any CPU
		{EF9F8229-CE70-4A40-AEF2-6E2D5202F9FC}.Release|Any CPU.ActiveCfg = Release|Any CPU
		{EF9F8229-CE70-4A40-AEF2-6E2D5202F9FC}.Release|Any CPU.Build.0 = Release|Any CPU
		{946058D6-2893-4BBA-B632-F1E11314779A}.Debug|Any CPU.ActiveCfg = Debug|Any CPU
		{946058D6-2893-4BBA-B632-F1E11314779A}.Debug|Any CPU.Build.0 = Debug|Any CPU
		{946058D6-2893-4BBA-B632-F1E11314779A}.Release|Any CPU.ActiveCfg = Release|Any CPU
		{946058D6-2893-4BBA-B632-F1E11314779A}.Release|Any CPU.Build.0 = Release|Any CPU
		{73E5D099-0E88-4769-B879-AB153D448034}.Debug|Any CPU.ActiveCfg = Debug|Any CPU
		{73E5D099-0E88-4769-B879-AB153D448034}.Debug|Any CPU.Build.0 = Debug|Any CPU
		{73E5D099-0E88-4769-B879-AB153D448034}.Release|Any CPU.ActiveCfg = Release|Any CPU
		{73E5D099-0E88-4769-B879-AB153D448034}.Release|Any CPU.Build.0 = Release|Any CPU
	EndGlobalSection
	GlobalSection(SolutionProperties) = preSolution
		HideSolutionNode = FALSE
	EndGlobalSection
	GlobalSection(ExtensibilityGlobals) = postSolution
		SolutionGuid = {8FB929B7-8DEB-41BB-803A-5163BDE15D90}
	EndGlobalSection
EndGlobal
